<Solution>
  <Configurations>
    <BuildType Name="Admin" />
    <BuildType Name="Debug" />
    <BuildType Name="Release" />
  </Configurations>
  <Folder Name="/Solution Items/">
    <File Path="Readme.md" />
    <File Path="VERSION.txt" />
  </Folder>
  <Project Path="Gibe.Umbraco.Blog.Core/Gibe.Umbraco.Blog.Core.csproj" Id="2d24dc4c-26d6-4a2a-aefe-6bcb39e17d24" />
  <Project Path="Gibe.Umbraco.Blog.Tests/Gibe.Umbraco.Blog.Tests.csproj" />
  <Project Path="Gibe.Umbraco.Blog/Gibe.Umbraco.Blog.csproj" />
</Solution>
